// !$*UTF8*$!
{
	archiveVersion = 1;
	classes = {
	};
	objectVersion = 55;
	objects = {

/* Begin PBXBuildFile section */
		C744ECB3DA56ECC59A144E7B /* Pods_TabeeForDeveloping.framework in Frameworks */ = {isa = PBXBuildFile; fileRef = C5D810D8A03FAC88F450F7B9 /* Pods_TabeeForDeveloping.framework */; };
		D589DD5D284E34E800F145CC /* IntrinsicPanelLayout.swift in Sources */ = {isa = PBXBuildFile; fileRef = D589DD5C284E34E800F145CC /* IntrinsicPanelLayout.swift */; };
		D589DD5F284E3BFD00F145CC /* UIView+PageControl.swift in Sources */ = {isa = PBXBuildFile; fileRef = D589DD5E284E3BFD00F145CC /* UIView+PageControl.swift */; };
		D59AE1B6284CF5430017778E /* WalletPagesAdapter.swift in Sources */ = {isa = PBXBuildFile; fileRef = D59AE1B5284CF5430017778E /* WalletPagesAdapter.swift */; };
		D59F3D9A284B8F190059A432 /* WalletPagesProvider.swift in Sources */ = {isa = PBXBuildFile; fileRef = D59F3D99284B8F190059A432 /* WalletPagesProvider.swift */; };
		D59F3D9F284B90F40059A432 /* WalletCircleCell.swift in Sources */ = {isa = PBXBuildFile; fileRef = D59F3D9E284B90F40059A432 /* WalletCircleCell.swift */; };
		D59F3DA4284B93870059A432 /* WalletSinglePageModel.swift in Sources */ = {isa = PBXBuildFile; fileRef = D59F3DA3284B93870059A432 /* WalletSinglePageModel.swift */; };
		D59F3DA7284BC08E0059A432 /* UIView+ActivityIndicator.swift in Sources */ = {isa = PBXBuildFile; fileRef = D59F3DA6284BC08D0059A432 /* UIView+ActivityIndicator.swift */; };
		D59F3DA9284BCD8E0059A432 /* Math+.swift in Sources */ = {isa = PBXBuildFile; fileRef = D59F3DA8284BCD8E0059A432 /* Math+.swift */; };
		D5FA5A4C2848F7C00094688D /* AppDelegate.swift in Sources */ = {isa = PBXBuildFile; fileRef = D5FA5A4B2848F7C00094688D /* AppDelegate.swift */; };
		D5FA5A4E2848F7C00094688D /* SceneDelegate.swift in Sources */ = {isa = PBXBuildFile; fileRef = D5FA5A4D2848F7C00094688D /* SceneDelegate.swift */; };
		D5FA5A502848F7C00094688D /* ViewController.swift in Sources */ = {isa = PBXBuildFile; fileRef = D5FA5A4F2848F7C00094688D /* ViewController.swift */; };
		D5FA5A532848F7C00094688D /* Main.storyboard in Resources */ = {isa = PBXBuildFile; fileRef = D5FA5A512848F7C00094688D /* Main.storyboard */; };
		D5FA5A552848F7C10094688D /* Assets.xcassets in Resources */ = {isa = PBXBuildFile; fileRef = D5FA5A542848F7C10094688D /* Assets.xcassets */; };
		D5FA5A582848F7C10094688D /* LaunchScreen.storyboard in Resources */ = {isa = PBXBuildFile; fileRef = D5FA5A562848F7C10094688D /* LaunchScreen.storyboard */; };
		D5FA5A792848FB700094688D /* WalletPickerAssembly.swift in Sources */ = {isa = PBXBuildFile; fileRef = D5FA5A652848FB700094688D /* WalletPickerAssembly.swift */; };
		D5FA5A7A2848FB700094688D /* WalletPickerDataStore.swift in Sources */ = {isa = PBXBuildFile; fileRef = D5FA5A682848FB700094688D /* WalletPickerDataStore.swift */; };
		D5FA5A7B2848FB700094688D /* WalletPickerDataFlow.swift in Sources */ = {isa = PBXBuildFile; fileRef = D5FA5A692848FB700094688D /* WalletPickerDataFlow.swift */; };
		D5FA5A7C2848FB700094688D /* WalletPickerPresenter.swift in Sources */ = {isa = PBXBuildFile; fileRef = D5FA5A6A2848FB700094688D /* WalletPickerPresenter.swift */; };
		D5FA5A7D2848FB700094688D /* WalletPickerModuleInput.swift in Sources */ = {isa = PBXBuildFile; fileRef = D5FA5A6B2848FB700094688D /* WalletPickerModuleInput.swift */; };
		D5FA5A7F2848FB700094688D /* WalletPickerModuleOutput.swift in Sources */ = {isa = PBXBuildFile; fileRef = D5FA5A6D2848FB700094688D /* WalletPickerModuleOutput.swift */; };
		D5FA5A802848FB700094688D /* WalletPickerViewInput.swift in Sources */ = {isa = PBXBuildFile; fileRef = D5FA5A6F2848FB700094688D /* WalletPickerViewInput.swift */; };
		D5FA5A822848FB700094688D /* WalletPickerViewOutput.swift in Sources */ = {isa = PBXBuildFile; fileRef = D5FA5A712848FB700094688D /* WalletPickerViewOutput.swift */; };
		D5FA5A832848FB700094688D /* WalletPickerViewController.swift in Sources */ = {isa = PBXBuildFile; fileRef = D5FA5A722848FB700094688D /* WalletPickerViewController.swift */; };
		D5FA5A842848FB700094688D /* WalletPickerInteractor.swift in Sources */ = {isa = PBXBuildFile; fileRef = D5FA5A742848FB700094688D /* WalletPickerInteractor.swift */; };
		D5FA5A852848FB700094688D /* WalletPickerInteractorOutput.swift in Sources */ = {isa = PBXBuildFile; fileRef = D5FA5A752848FB700094688D /* WalletPickerInteractorOutput.swift */; };
		D5FA5A862848FB700094688D /* WalletPickerInteractorInput.swift in Sources */ = {isa = PBXBuildFile; fileRef = D5FA5A762848FB700094688D /* WalletPickerInteractorInput.swift */; };
		D5FA5A872848FB700094688D /* WalletPickerRouter.swift in Sources */ = {isa = PBXBuildFile; fileRef = D5FA5A782848FB700094688D /* WalletPickerRouter.swift */; };
		D5FA5A8A284911450094688D /* WalletPageViewController.swift in Sources */ = {isa = PBXBuildFile; fileRef = D5FA5A89284911450094688D /* WalletPageViewController.swift */; };
/* End PBXBuildFile section */

/* Begin PBXFileReference section */
		97CFFD880F60C108EEDE6F57 /* Pods-TabeeForDeveloping.release.xcconfig */ = {isa = PBXFileReference; includeInIndex = 1; lastKnownFileType = text.xcconfig; name = "Pods-TabeeForDeveloping.release.xcconfig"; path = "Target Support Files/Pods-TabeeForDeveloping/Pods-TabeeForDeveloping.release.xcconfig"; sourceTree = "<group>"; };
		C5D810D8A03FAC88F450F7B9 /* Pods_TabeeForDeveloping.framework */ = {isa = PBXFileReference; explicitFileType = wrapper.framework; includeInIndex = 0; path = Pods_TabeeForDeveloping.framework; sourceTree = BUILT_PRODUCTS_DIR; };
		D589DD5C284E34E800F145CC /* IntrinsicPanelLayout.swift */ = {isa = PBXFileReference; lastKnownFileType = sourcecode.swift; path = IntrinsicPanelLayout.swift; sourceTree = "<group>"; };
		D589DD5E284E3BFD00F145CC /* UIView+PageControl.swift */ = {isa = PBXFileReference; lastKnownFileType = sourcecode.swift; path = "UIView+PageControl.swift"; sourceTree = "<group>"; };
		D59AE1B5284CF5430017778E /* WalletPagesAdapter.swift */ = {isa = PBXFileReference; lastKnownFileType = sourcecode.swift; path = WalletPagesAdapter.swift; sourceTree = "<group>"; };
		D59F3D99284B8F190059A432 /* WalletPagesProvider.swift */ = {isa = PBXFileReference; lastKnownFileType = sourcecode.swift; path = WalletPagesProvider.swift; sourceTree = "<group>"; };
		D59F3D9E284B90F40059A432 /* WalletCircleCell.swift */ = {isa = PBXFileReference; lastKnownFileType = sourcecode.swift; path = WalletCircleCell.swift; sourceTree = "<group>"; };
		D59F3DA3284B93870059A432 /* WalletSinglePageModel.swift */ = {isa = PBXFileReference; lastKnownFileType = sourcecode.swift; path = WalletSinglePageModel.swift; sourceTree = "<group>"; };
		D59F3DA6284BC08D0059A432 /* UIView+ActivityIndicator.swift */ = {isa = PBXFileReference; lastKnownFileType = sourcecode.swift; path = "UIView+ActivityIndicator.swift"; sourceTree = "<group>"; };
		D59F3DA8284BCD8E0059A432 /* Math+.swift */ = {isa = PBXFileReference; lastKnownFileType = sourcecode.swift; path = "Math+.swift"; sourceTree = "<group>"; };
		D5FA5A482848F7C00094688D /* TabeeForDeveloping.app */ = {isa = PBXFileReference; explicitFileType = wrapper.application; includeInIndex = 0; path = TabeeForDeveloping.app; sourceTree = BUILT_PRODUCTS_DIR; };
		D5FA5A4B2848F7C00094688D /* AppDelegate.swift */ = {isa = PBXFileReference; lastKnownFileType = sourcecode.swift; path = AppDelegate.swift; sourceTree = "<group>"; };
		D5FA5A4D2848F7C00094688D /* SceneDelegate.swift */ = {isa = PBXFileReference; lastKnownFileType = sourcecode.swift; path = SceneDelegate.swift; sourceTree = "<group>"; };
		D5FA5A4F2848F7C00094688D /* ViewController.swift */ = {isa = PBXFileReference; lastKnownFileType = sourcecode.swift; path = ViewController.swift; sourceTree = "<group>"; };
		D5FA5A522848F7C00094688D /* Base */ = {isa = PBXFileReference; lastKnownFileType = file.storyboard; name = Base; path = Base.lproj/Main.storyboard; sourceTree = "<group>"; };
		D5FA5A542848F7C10094688D /* Assets.xcassets */ = {isa = PBXFileReference; lastKnownFileType = folder.assetcatalog; path = Assets.xcassets; sourceTree = "<group>"; };
		D5FA5A572848F7C10094688D /* Base */ = {isa = PBXFileReference; lastKnownFileType = file.storyboard; name = Base; path = Base.lproj/LaunchScreen.storyboard; sourceTree = "<group>"; };
		D5FA5A592848F7C10094688D /* Info.plist */ = {isa = PBXFileReference; lastKnownFileType = text.plist.xml; path = Info.plist; sourceTree = "<group>"; };
		D5FA5A652848FB700094688D /* WalletPickerAssembly.swift */ = {isa = PBXFileReference; fileEncoding = 4; lastKnownFileType = sourcecode.swift; path = WalletPickerAssembly.swift; sourceTree = "<group>"; };
		D5FA5A682848FB700094688D /* WalletPickerDataStore.swift */ = {isa = PBXFileReference; fileEncoding = 4; lastKnownFileType = sourcecode.swift; path = WalletPickerDataStore.swift; sourceTree = "<group>"; };
		D5FA5A692848FB700094688D /* WalletPickerDataFlow.swift */ = {isa = PBXFileReference; fileEncoding = 4; lastKnownFileType = sourcecode.swift; path = WalletPickerDataFlow.swift; sourceTree = "<group>"; };
		D5FA5A6A2848FB700094688D /* WalletPickerPresenter.swift */ = {isa = PBXFileReference; fileEncoding = 4; lastKnownFileType = sourcecode.swift; path = WalletPickerPresenter.swift; sourceTree = "<group>"; };
		D5FA5A6B2848FB700094688D /* WalletPickerModuleInput.swift */ = {isa = PBXFileReference; fileEncoding = 4; lastKnownFileType = sourcecode.swift; path = WalletPickerModuleInput.swift; sourceTree = "<group>"; };
		D5FA5A6D2848FB700094688D /* WalletPickerModuleOutput.swift */ = {isa = PBXFileReference; fileEncoding = 4; lastKnownFileType = sourcecode.swift; path = WalletPickerModuleOutput.swift; sourceTree = "<group>"; };
		D5FA5A6F2848FB700094688D /* WalletPickerViewInput.swift */ = {isa = PBXFileReference; fileEncoding = 4; lastKnownFileType = sourcecode.swift; path = WalletPickerViewInput.swift; sourceTree = "<group>"; };
		D5FA5A712848FB700094688D /* WalletPickerViewOutput.swift */ = {isa = PBXFileReference; fileEncoding = 4; lastKnownFileType = sourcecode.swift; path = WalletPickerViewOutput.swift; sourceTree = "<group>"; };
		D5FA5A722848FB700094688D /* WalletPickerViewController.swift */ = {isa = PBXFileReference; fileEncoding = 4; lastKnownFileType = sourcecode.swift; path = WalletPickerViewController.swift; sourceTree = "<group>"; };
		D5FA5A742848FB700094688D /* WalletPickerInteractor.swift */ = {isa = PBXFileReference; fileEncoding = 4; lastKnownFileType = sourcecode.swift; path = WalletPickerInteractor.swift; sourceTree = "<group>"; };
		D5FA5A752848FB700094688D /* WalletPickerInteractorOutput.swift */ = {isa = PBXFileReference; fileEncoding = 4; lastKnownFileType = sourcecode.swift; path = WalletPickerInteractorOutput.swift; sourceTree = "<group>"; };
		D5FA5A762848FB700094688D /* WalletPickerInteractorInput.swift */ = {isa = PBXFileReference; fileEncoding = 4; lastKnownFileType = sourcecode.swift; path = WalletPickerInteractorInput.swift; sourceTree = "<group>"; };
		D5FA5A782848FB700094688D /* WalletPickerRouter.swift */ = {isa = PBXFileReference; fileEncoding = 4; lastKnownFileType = sourcecode.swift; path = WalletPickerRouter.swift; sourceTree = "<group>"; };
		D5FA5A89284911450094688D /* WalletPageViewController.swift */ = {isa = PBXFileReference; lastKnownFileType = sourcecode.swift; path = WalletPageViewController.swift; sourceTree = "<group>"; };
		DF5BB56A0A70073DF653BB06 /* Pods-TabeeForDeveloping.debug.xcconfig */ = {isa = PBXFileReference; includeInIndex = 1; lastKnownFileType = text.xcconfig; name = "Pods-TabeeForDeveloping.debug.xcconfig"; path = "Target Support Files/Pods-TabeeForDeveloping/Pods-TabeeForDeveloping.debug.xcconfig"; sourceTree = "<group>"; };
/* End PBXFileReference section */

/* Begin PBXFrameworksBuildPhase section */
		D5FA5A452848F7C00094688D /* Frameworks */ = {
			isa = PBXFrameworksBuildPhase;
			buildActionMask = 2147483647;
			files = (
				C744ECB3DA56ECC59A144E7B /* Pods_TabeeForDeveloping.framework in Frameworks */,
			);
			runOnlyForDeploymentPostprocessing = 0;
		};
/* End PBXFrameworksBuildPhase section */

/* Begin PBXGroup section */
		B0DD3A7A8991330E8AAEA602 /* Pods */ = {
			isa = PBXGroup;
			children = (
				DF5BB56A0A70073DF653BB06 /* Pods-TabeeForDeveloping.debug.xcconfig */,
				97CFFD880F60C108EEDE6F57 /* Pods-TabeeForDeveloping.release.xcconfig */,
			);
			path = Pods;
			sourceTree = "<group>";
		};
		D4010ACC9D60D941866288A7 /* Frameworks */ = {
			isa = PBXGroup;
			children = (
				C5D810D8A03FAC88F450F7B9 /* Pods_TabeeForDeveloping.framework */,
			);
			name = Frameworks;
			sourceTree = "<group>";
		};
		D589DD5B284E34DC00F145CC /* FloatingPanel */ = {
			isa = PBXGroup;
			children = (
				D589DD5C284E34E800F145CC /* IntrinsicPanelLayout.swift */,
			);
			path = FloatingPanel;
			sourceTree = "<group>";
		};
		D59F3D9B284B90990059A432 /* SinglePageCell */ = {
			isa = PBXGroup;
			children = (
				D59F3D9E284B90F40059A432 /* WalletCircleCell.swift */,
			);
			path = SinglePageCell;
			sourceTree = "<group>";
		};
		D59F3DA0284B93550059A432 /* DataSource */ = {
			isa = PBXGroup;
			children = (
				D59F3D99284B8F190059A432 /* WalletPagesProvider.swift */,
				D59F3DA3284B93870059A432 /* WalletSinglePageModel.swift */,
			);
			path = DataSource;
			sourceTree = "<group>";
		};
		D59F3DA5284BC07C0059A432 /* Helpers */ = {
			isa = PBXGroup;
			children = (
				D589DD5B284E34DC00F145CC /* FloatingPanel */,
				D59F3DA6284BC08D0059A432 /* UIView+ActivityIndicator.swift */,
				D59F3DA8284BCD8E0059A432 /* Math+.swift */,
				D589DD5E284E3BFD00F145CC /* UIView+PageControl.swift */,
			);
			path = Helpers;
			sourceTree = "<group>";
		};
		D5FA5A3F2848F7BF0094688D = {
			isa = PBXGroup;
			children = (
				D5FA5A4A2848F7C00094688D /* TabeeForDeveloping */,
				D5FA5A492848F7C00094688D /* Products */,
				B0DD3A7A8991330E8AAEA602 /* Pods */,
				D4010ACC9D60D941866288A7 /* Frameworks */,
			);
			sourceTree = "<group>";
		};
		D5FA5A492848F7C00094688D /* Products */ = {
			isa = PBXGroup;
			children = (
				D5FA5A482848F7C00094688D /* TabeeForDeveloping.app */,
			);
			name = Products;
			sourceTree = "<group>";
		};
		D5FA5A4A2848F7C00094688D /* TabeeForDeveloping */ = {
			isa = PBXGroup;
			children = (
				D59F3DA5284BC07C0059A432 /* Helpers */,
				D5FA5A5F2848FAE80094688D /* Modules */,
				D5FA5A4B2848F7C00094688D /* AppDelegate.swift */,
				D5FA5A4D2848F7C00094688D /* SceneDelegate.swift */,
				D5FA5A4F2848F7C00094688D /* ViewController.swift */,
				D5FA5A512848F7C00094688D /* Main.storyboard */,
				D5FA5A542848F7C10094688D /* Assets.xcassets */,
				D5FA5A562848F7C10094688D /* LaunchScreen.storyboard */,
				D5FA5A592848F7C10094688D /* Info.plist */,
			);
			path = TabeeForDeveloping;
			sourceTree = "<group>";
		};
		D5FA5A5F2848FAE80094688D /* Modules */ = {
			isa = PBXGroup;
			children = (
				D5FA5A602848FAFE0094688D /* ModalPicker */,
			);
			path = Modules;
			sourceTree = "<group>";
		};
		D5FA5A602848FAFE0094688D /* ModalPicker */ = {
			isa = PBXGroup;
			children = (
				D5FA5A632848FB700094688D /* WalletPicker */,
			);
			path = ModalPicker;
			sourceTree = "<group>";
		};
		D5FA5A632848FB700094688D /* WalletPicker */ = {
			isa = PBXGroup;
			children = (
				D5FA5A642848FB700094688D /* Assembly */,
				D5FA5A662848FB700094688D /* Presenter */,
				D5FA5A6E2848FB700094688D /* View */,
				D5FA5A732848FB700094688D /* Interactor */,
				D5FA5A772848FB700094688D /* Router */,
			);
			path = WalletPicker;
			sourceTree = "<group>";
		};
		D5FA5A642848FB700094688D /* Assembly */ = {
			isa = PBXGroup;
			children = (
				D5FA5A652848FB700094688D /* WalletPickerAssembly.swift */,
			);
			path = Assembly;
			sourceTree = "<group>";
		};
		D5FA5A662848FB700094688D /* Presenter */ = {
			isa = PBXGroup;
			children = (
				D5FA5A672848FB700094688D /* DataFlow */,
				D5FA5A6A2848FB700094688D /* WalletPickerPresenter.swift */,
				D5FA5A6B2848FB700094688D /* WalletPickerModuleInput.swift */,
				D5FA5A6D2848FB700094688D /* WalletPickerModuleOutput.swift */,
			);
			path = Presenter;
			sourceTree = "<group>";
		};
		D5FA5A672848FB700094688D /* DataFlow */ = {
			isa = PBXGroup;
			children = (
				D5FA5A682848FB700094688D /* WalletPickerDataStore.swift */,
				D5FA5A692848FB700094688D /* WalletPickerDataFlow.swift */,
			);
			path = DataFlow;
			sourceTree = "<group>";
		};
		D5FA5A6E2848FB700094688D /* View */ = {
			isa = PBXGroup;
			children = (
				D59F3DA0284B93550059A432 /* DataSource */,
				D59F3D9B284B90990059A432 /* SinglePageCell */,
				D5FA5A882849112B0094688D /* PageViewController */,
				D5FA5A6F2848FB700094688D /* WalletPickerViewInput.swift */,
				D5FA5A712848FB700094688D /* WalletPickerViewOutput.swift */,
				D5FA5A722848FB700094688D /* WalletPickerViewController.swift */,
			);
			path = View;
			sourceTree = "<group>";
		};
		D5FA5A732848FB700094688D /* Interactor */ = {
			isa = PBXGroup;
			children = (
				D5FA5A742848FB700094688D /* WalletPickerInteractor.swift */,
				D5FA5A752848FB700094688D /* WalletPickerInteractorOutput.swift */,
				D5FA5A762848FB700094688D /* WalletPickerInteractorInput.swift */,
			);
			path = Interactor;
			sourceTree = "<group>";
		};
		D5FA5A772848FB700094688D /* Router */ = {
			isa = PBXGroup;
			children = (
				D5FA5A782848FB700094688D /* WalletPickerRouter.swift */,
			);
			path = Router;
			sourceTree = "<group>";
		};
		D5FA5A882849112B0094688D /* PageViewController */ = {
			isa = PBXGroup;
			children = (
				D5FA5A89284911450094688D /* WalletPageViewController.swift */,
				D59AE1B5284CF5430017778E /* WalletPagesAdapter.swift */,
			);
			path = PageViewController;
			sourceTree = "<group>";
		};
/* End PBXGroup section */

/* Begin PBXNativeTarget section */
		D5FA5A472848F7C00094688D /* TabeeForDeveloping */ = {
			isa = PBXNativeTarget;
			buildConfigurationList = D5FA5A5C2848F7C10094688D /* Build configuration list for PBXNativeTarget "TabeeForDeveloping" */;
			buildPhases = (
				EE06E6130890D21D37D318C5 /* [CP] Check Pods Manifest.lock */,
				D5FA5A442848F7C00094688D /* Sources */,
				D5FA5A452848F7C00094688D /* Frameworks */,
				D5FA5A462848F7C00094688D /* Resources */,
				9760BA9051420B9BCD3F1415 /* [CP] Embed Pods Frameworks */,
			);
			buildRules = (
			);
			dependencies = (
			);
			name = TabeeForDeveloping;
			productName = TabeeForDeveloping;
			productReference = D5FA5A482848F7C00094688D /* TabeeForDeveloping.app */;
			productType = "com.apple.product-type.application";
		};
/* End PBXNativeTarget section */

/* Begin PBXProject section */
		D5FA5A402848F7BF0094688D /* Project object */ = {
			isa = PBXProject;
			attributes = {
				BuildIndependentTargetsInParallel = 1;
				LastSwiftUpdateCheck = 1320;
				LastUpgradeCheck = 1320;
				TargetAttributes = {
					D5FA5A472848F7C00094688D = {
						CreatedOnToolsVersion = 13.2.1;
					};
				};
			};
			buildConfigurationList = D5FA5A432848F7BF0094688D /* Build configuration list for PBXProject "TabeeForDeveloping" */;
			compatibilityVersion = "Xcode 13.0";
			developmentRegion = en;
			hasScannedForEncodings = 0;
			knownRegions = (
				en,
				Base,
			);
			mainGroup = D5FA5A3F2848F7BF0094688D;
			productRefGroup = D5FA5A492848F7C00094688D /* Products */;
			projectDirPath = "";
			projectRoot = "";
			targets = (
				D5FA5A472848F7C00094688D /* TabeeForDeveloping */,
			);
		};
/* End PBXProject section */

/* Begin PBXResourcesBuildPhase section */
		D5FA5A462848F7C00094688D /* Resources */ = {
			isa = PBXResourcesBuildPhase;
			buildActionMask = 2147483647;
			files = (
				D5FA5A582848F7C10094688D /* LaunchScreen.storyboard in Resources */,
				D5FA5A552848F7C10094688D /* Assets.xcassets in Resources */,
				D5FA5A532848F7C00094688D /* Main.storyboard in Resources */,
			);
			runOnlyForDeploymentPostprocessing = 0;
		};
/* End PBXResourcesBuildPhase section */

/* Begin PBXShellScriptBuildPhase section */
		9760BA9051420B9BCD3F1415 /* [CP] Embed Pods Frameworks */ = {
			isa = PBXShellScriptBuildPhase;
			buildActionMask = 2147483647;
			files = (
			);
			inputFileListPaths = (
				"${PODS_ROOT}/Target Support Files/Pods-TabeeForDeveloping/Pods-TabeeForDeveloping-frameworks-${CONFIGURATION}-input-files.xcfilelist",
			);
			name = "[CP] Embed Pods Frameworks";
			outputFileListPaths = (
				"${PODS_ROOT}/Target Support Files/Pods-TabeeForDeveloping/Pods-TabeeForDeveloping-frameworks-${CONFIGURATION}-output-files.xcfilelist",
			);
			runOnlyForDeploymentPostprocessing = 0;
			shellPath = /bin/sh;
			shellScript = "\"${PODS_ROOT}/Target Support Files/Pods-TabeeForDeveloping/Pods-TabeeForDeveloping-frameworks.sh\"\n";
			showEnvVarsInLog = 0;
		};
		EE06E6130890D21D37D318C5 /* [CP] Check Pods Manifest.lock */ = {
			isa = PBXShellScriptBuildPhase;
			buildActionMask = 2147483647;
			files = (
			);
			inputFileListPaths = (
			);
			inputPaths = (
				"${PODS_PODFILE_DIR_PATH}/Podfile.lock",
				"${PODS_ROOT}/Manifest.lock",
			);
			name = "[CP] Check Pods Manifest.lock";
			outputFileListPaths = (
			);
			outputPaths = (
				"$(DERIVED_FILE_DIR)/Pods-TabeeForDeveloping-checkManifestLockResult.txt",
			);
			runOnlyForDeploymentPostprocessing = 0;
			shellPath = /bin/sh;
			shellScript = "diff \"${PODS_PODFILE_DIR_PATH}/Podfile.lock\" \"${PODS_ROOT}/Manifest.lock\" > /dev/null\nif [ $? != 0 ] ; then\n    # print error to STDERR\n    echo \"error: The sandbox is not in sync with the Podfile.lock. Run 'pod install' or update your CocoaPods installation.\" >&2\n    exit 1\nfi\n# This output is used by Xcode 'outputs' to avoid re-running this script phase.\necho \"SUCCESS\" > \"${SCRIPT_OUTPUT_FILE_0}\"\n";
			showEnvVarsInLog = 0;
		};
/* End PBXShellScriptBuildPhase section */

/* Begin PBXSourcesBuildPhase section */
		D5FA5A442848F7C00094688D /* Sources */ = {
			isa = PBXSourcesBuildPhase;
			buildActionMask = 2147483647;
			files = (
				D5FA5A7A2848FB700094688D /* WalletPickerDataStore.swift in Sources */,
				D589DD5F284E3BFD00F145CC /* UIView+PageControl.swift in Sources */,
				D5FA5A792848FB700094688D /* WalletPickerAssembly.swift in Sources */,
				D5FA5A832848FB700094688D /* WalletPickerViewController.swift in Sources */,
				D5FA5A7B2848FB700094688D /* WalletPickerDataFlow.swift in Sources */,
				D59F3DA7284BC08E0059A432 /* UIView+ActivityIndicator.swift in Sources */,
				D5FA5A502848F7C00094688D /* ViewController.swift in Sources */,
				D589DD5D284E34E800F145CC /* IntrinsicPanelLayout.swift in Sources */,
				D5FA5A4C2848F7C00094688D /* AppDelegate.swift in Sources */,
				D5FA5A822848FB700094688D /* WalletPickerViewOutput.swift in Sources */,
				D5FA5A852848FB700094688D /* WalletPickerInteractorOutput.swift in Sources */,
				D59F3DA9284BCD8E0059A432 /* Math+.swift in Sources */,
				D59F3D9A284B8F190059A432 /* WalletPagesProvider.swift in Sources */,
				D5FA5A802848FB700094688D /* WalletPickerViewInput.swift in Sources */,
				D5FA5A8A284911450094688D /* WalletPageViewController.swift in Sources */,
				D5FA5A862848FB700094688D /* WalletPickerInteractorInput.swift in Sources */,
				D5FA5A7D2848FB700094688D /* WalletPickerModuleInput.swift in Sources */,
				D5FA5A7F2848FB700094688D /* WalletPickerModuleOutput.swift in Sources */,
				D59AE1B6284CF5430017778E /* WalletPagesAdapter.swift in Sources */,
				D59F3DA4284B93870059A432 /* WalletSinglePageModel.swift in Sources */,
				D59F3D9F284B90F40059A432 /* WalletCircleCell.swift in Sources */,
				D5FA5A4E2848F7C00094688D /* SceneDelegate.swift in Sources */,
				D5FA5A872848FB700094688D /* WalletPickerRouter.swift in Sources */,
				D5FA5A7C2848FB700094688D /* WalletPickerPresenter.swift in Sources */,
				D5FA5A842848FB700094688D /* WalletPickerInteractor.swift in Sources */,
			);
			runOnlyForDeploymentPostprocessing = 0;
		};
/* End PBXSourcesBuildPhase section */

/* Begin PBXVariantGroup section */
		D5FA5A512848F7C00094688D /* Main.storyboard */ = {
			isa = PBXVariantGroup;
			children = (
				D5FA5A522848F7C00094688D /* Base */,
			);
			name = Main.storyboard;
			sourceTree = "<group>";
		};
		D5FA5A562848F7C10094688D /* LaunchScreen.storyboard */ = {
			isa = PBXVariantGroup;
			children = (
				D5FA5A572848F7C10094688D /* Base */,
			);
			name = LaunchScreen.storyboard;
			sourceTree = "<group>";
		};
/* End PBXVariantGroup section */

/* Begin XCBuildConfiguration section */
		D5FA5A5A2848F7C10094688D /* Debug */ = {
			isa = XCBuildConfiguration;
			buildSettings = {
				ALWAYS_SEARCH_USER_PATHS = NO;
				CLANG_ANALYZER_NONNULL = YES;
				CLANG_ANALYZER_NUMBER_OBJECT_CONVERSION = YES_AGGRESSIVE;
				CLANG_CXX_LANGUAGE_STANDARD = "gnu++17";
				CLANG_CXX_LIBRARY = "libc++";
				CLANG_ENABLE_MODULES = YES;
				CLANG_ENABLE_OBJC_ARC = YES;
				CLANG_ENABLE_OBJC_WEAK = YES;
				CLANG_WARN_BLOCK_CAPTURE_AUTORELEASING = YES;
				CLANG_WARN_BOOL_CONVERSION = YES;
				CLANG_WARN_COMMA = YES;
				CLANG_WARN_CONSTANT_CONVERSION = YES;
				CLANG_WARN_DEPRECATED_OBJC_IMPLEMENTATIONS = YES;
				CLANG_WARN_DIRECT_OBJC_ISA_USAGE = YES_ERROR;
				CLANG_WARN_DOCUMENTATION_COMMENTS = YES;
				CLANG_WARN_EMPTY_BODY = YES;
				CLANG_WARN_ENUM_CONVERSION = YES;
				CLANG_WARN_INFINITE_RECURSION = YES;
				CLANG_WARN_INT_CONVERSION = YES;
				CLANG_WARN_NON_LITERAL_NULL_CONVERSION = YES;
				CLANG_WARN_OBJC_IMPLICIT_RETAIN_SELF = YES;
				CLANG_WARN_OBJC_LITERAL_CONVERSION = YES;
				CLANG_WARN_OBJC_ROOT_CLASS = YES_ERROR;
				CLANG_WARN_QUOTED_INCLUDE_IN_FRAMEWORK_HEADER = YES;
				CLANG_WARN_RANGE_LOOP_ANALYSIS = YES;
				CLANG_WARN_STRICT_PROTOTYPES = YES;
				CLANG_WARN_SUSPICIOUS_MOVE = YES;
				CLANG_WARN_UNGUARDED_AVAILABILITY = YES_AGGRESSIVE;
				CLANG_WARN_UNREACHABLE_CODE = YES;
				CLANG_WARN__DUPLICATE_METHOD_MATCH = YES;
				COPY_PHASE_STRIP = NO;
				DEBUG_INFORMATION_FORMAT = dwarf;
				ENABLE_STRICT_OBJC_MSGSEND = YES;
				ENABLE_TESTABILITY = YES;
				GCC_C_LANGUAGE_STANDARD = gnu11;
				GCC_DYNAMIC_NO_PIC = NO;
				GCC_NO_COMMON_BLOCKS = YES;
				GCC_OPTIMIZATION_LEVEL = 0;
				GCC_PREPROCESSOR_DEFINITIONS = (
					"DEBUG=1",
					"$(inherited)",
				);
				GCC_WARN_64_TO_32_BIT_CONVERSION = YES;
				GCC_WARN_ABOUT_RETURN_TYPE = YES_ERROR;
				GCC_WARN_UNDECLARED_SELECTOR = YES;
				GCC_WARN_UNINITIALIZED_AUTOS = YES_AGGRESSIVE;
				GCC_WARN_UNUSED_FUNCTION = YES;
				GCC_WARN_UNUSED_VARIABLE = YES;
				IPHONEOS_DEPLOYMENT_TARGET = 12.0;
				MTL_ENABLE_DEBUG_INFO = INCLUDE_SOURCE;
				MTL_FAST_MATH = YES;
				ONLY_ACTIVE_ARCH = YES;
				SDKROOT = iphoneos;
				SWIFT_ACTIVE_COMPILATION_CONDITIONS = DEBUG;
				SWIFT_OPTIMIZATION_LEVEL = "-Onone";
			};
			name = Debug;
		};
		D5FA5A5B2848F7C10094688D /* Release */ = {
			isa = XCBuildConfiguration;
			buildSettings = {
				ALWAYS_SEARCH_USER_PATHS = NO;
				CLANG_ANALYZER_NONNULL = YES;
				CLANG_ANALYZER_NUMBER_OBJECT_CONVERSION = YES_AGGRESSIVE;
				CLANG_CXX_LANGUAGE_STANDARD = "gnu++17";
				CLANG_CXX_LIBRARY = "libc++";
				CLANG_ENABLE_MODULES = YES;
				CLANG_ENABLE_OBJC_ARC = YES;
				CLANG_ENABLE_OBJC_WEAK = YES;
				CLANG_WARN_BLOCK_CAPTURE_AUTORELEASING = YES;
				CLANG_WARN_BOOL_CONVERSION = YES;
				CLANG_WARN_COMMA = YES;
				CLANG_WARN_CONSTANT_CONVERSION = YES;
				CLANG_WARN_DEPRECATED_OBJC_IMPLEMENTATIONS = YES;
				CLANG_WARN_DIRECT_OBJC_ISA_USAGE = YES_ERROR;
				CLANG_WARN_DOCUMENTATION_COMMENTS = YES;
				CLANG_WARN_EMPTY_BODY = YES;
				CLANG_WARN_ENUM_CONVERSION = YES;
				CLANG_WARN_INFINITE_RECURSION = YES;
				CLANG_WARN_INT_CONVERSION = YES;
				CLANG_WARN_NON_LITERAL_NULL_CONVERSION = YES;
				CLANG_WARN_OBJC_IMPLICIT_RETAIN_SELF = YES;
				CLANG_WARN_OBJC_LITERAL_CONVERSION = YES;
				CLANG_WARN_OBJC_ROOT_CLASS = YES_ERROR;
				CLANG_WARN_QUOTED_INCLUDE_IN_FRAMEWORK_HEADER = YES;
				CLANG_WARN_RANGE_LOOP_ANALYSIS = YES;
				CLANG_WARN_STRICT_PROTOTYPES = YES;
				CLANG_WARN_SUSPICIOUS_MOVE = YES;
				CLANG_WARN_UNGUARDED_AVAILABILITY = YES_AGGRESSIVE;
				CLANG_WARN_UNREACHABLE_CODE = YES;
				CLANG_WARN__DUPLICATE_METHOD_MATCH = YES;
				COPY_PHASE_STRIP = NO;
				DEBUG_INFORMATION_FORMAT = "dwarf-with-dsym";
				ENABLE_NS_ASSERTIONS = NO;
				ENABLE_STRICT_OBJC_MSGSEND = YES;
				GCC_C_LANGUAGE_STANDARD = gnu11;
				GCC_NO_COMMON_BLOCKS = YES;
				GCC_WARN_64_TO_32_BIT_CONVERSION = YES;
				GCC_WARN_ABOUT_RETURN_TYPE = YES_ERROR;
				GCC_WARN_UNDECLARED_SELECTOR = YES;
				GCC_WARN_UNINITIALIZED_AUTOS = YES_AGGRESSIVE;
				GCC_WARN_UNUSED_FUNCTION = YES;
				GCC_WARN_UNUSED_VARIABLE = YES;
				IPHONEOS_DEPLOYMENT_TARGET = 12.0;
				MTL_ENABLE_DEBUG_INFO = NO;
				MTL_FAST_MATH = YES;
				SDKROOT = iphoneos;
				SWIFT_COMPILATION_MODE = wholemodule;
				SWIFT_OPTIMIZATION_LEVEL = "-O";
				VALIDATE_PRODUCT = YES;
			};
			name = Release;
		};
		D5FA5A5D2848F7C10094688D /* Debug */ = {
			isa = XCBuildConfiguration;
			baseConfigurationReference = DF5BB56A0A70073DF653BB06 /* Pods-TabeeForDeveloping.debug.xcconfig */;
			buildSettings = {
				ASSETCATALOG_COMPILER_APPICON_NAME = AppIcon;
				ASSETCATALOG_COMPILER_GLOBAL_ACCENT_COLOR_NAME = AccentColor;
				CODE_SIGN_STYLE = Automatic;
				CURRENT_PROJECT_VERSION = 1;
				DEVELOPMENT_TEAM = A2S9KPY9Q3;
				GENERATE_INFOPLIST_FILE = YES;
				INFOPLIST_FILE = TabeeForDeveloping/Info.plist;
				INFOPLIST_KEY_UIApplicationSupportsIndirectInputEvents = YES;
				INFOPLIST_KEY_UILaunchStoryboardName = LaunchScreen;
				INFOPLIST_KEY_UIMainStoryboardFile = Main;
				INFOPLIST_KEY_UISupportedInterfaceOrientations = UIInterfaceOrientationPortrait;
				INFOPLIST_KEY_UISupportedInterfaceOrientations_iPad = "UIInterfaceOrientationPortrait UIInterfaceOrientationPortraitUpsideDown UIInterfaceOrientationLandscapeLeft UIInterfaceOrientationLandscapeRight";
				INFOPLIST_KEY_UISupportedInterfaceOrientations_iPhone = "UIInterfaceOrientationPortrait UIInterfaceOrientationLandscapeLeft UIInterfaceOrientationLandscapeRight";
				LD_RUNPATH_SEARCH_PATHS = (
					"$(inherited)",
					"@executable_path/Frameworks",
				);
				MARKETING_VERSION = 1.0;
				PRODUCT_BUNDLE_IDENTIFIER = com.solo.TabeeForDeveloping;
				PRODUCT_NAME = "$(TARGET_NAME)";
				SWIFT_EMIT_LOC_STRINGS = YES;
				SWIFT_VERSION = 5.0;
				TARGETED_DEVICE_FAMILY = "1,2";
			};
			name = Debug;
		};
		D5FA5A5E2848F7C10094688D /* Release */ = {
			isa = XCBuildConfiguration;
			baseConfigurationReference = 97CFFD880F60C108EEDE6F57 /* Pods-TabeeForDeveloping.release.xcconfig */;
			buildSettings = {
				ASSETCATALOG_COMPILER_APPICON_NAME = AppIcon;
				ASSETCATALOG_COMPILER_GLOBAL_ACCENT_COLOR_NAME = AccentColor;
				CODE_SIGN_STYLE = Automatic;
				CURRENT_PROJECT_VERSION = 1;
				DEVELOPMENT_TEAM = A2S9KPY9Q3;
				GENERATE_INFOPLIST_FILE = YES;
				INFOPLIST_FILE = TabeeForDeveloping/Info.plist;
				INFOPLIST_KEY_UIApplicationSupportsIndirectInputEvents = YES;
				INFOPLIST_KEY_UILaunchStoryboardName = LaunchScreen;
				INFOPLIST_KEY_UIMainStoryboardFile = Main;
				INFOPLIST_KEY_UISupportedInterfaceOrientations = UIInterfaceOrientationPortrait;
				INFOPLIST_KEY_UISupportedInterfaceOrientations_iPad = "UIInterfaceOrientationPortrait UIInterfaceOrientationPortraitUpsideDown UIInterfaceOrientationLandscapeLeft UIInterfaceOrientationLandscapeRight";
				INFOPLIST_KEY_UISupportedInterfaceOrientations_iPhone = "UIInterfaceOrientationPortrait UIInterfaceOrientationLandscapeLeft UIInterfaceOrientationLandscapeRight";
				LD_RUNPATH_SEARCH_PATHS = (
					"$(inherited)",
					"@executable_path/Frameworks",
				);
				MARKETING_VERSION = 1.0;
				PRODUCT_BUNDLE_IDENTIFIER = com.solo.TabeeForDeveloping;
				PRODUCT_NAME = "$(TARGET_NAME)";
				SWIFT_EMIT_LOC_STRINGS = YES;
				SWIFT_VERSION = 5.0;
				TARGETED_DEVICE_FAMILY = "1,2";
			};
			name = Release;
		};
/* End XCBuildConfiguration section */

/* Begin XCConfigurationList section */
		D5FA5A432848F7BF0094688D /* Build configuration list for PBXProject "TabeeForDeveloping" */ = {
			isa = XCConfigurationList;
			buildConfigurations = (
				D5FA5A5A2848F7C10094688D /* Debug */,
				D5FA5A5B2848F7C10094688D /* Release */,
			);
			defaultConfigurationIsVisible = 0;
			defaultConfigurationName = Release;
		};
		D5FA5A5C2848F7C10094688D /* Build configuration list for PBXNativeTarget "TabeeForDeveloping" */ = {
			isa = XCConfigurationList;
			buildConfigurations = (
				D5FA5A5D2848F7C10094688D /* Debug */,
				D5FA5A5E2848F7C10094688D /* Release */,
			);
			defaultConfigurationIsVisible = 0;
			defaultConfigurationName = Release;
		};
/* End XCConfigurationList section */
	};
	rootObject = D5FA5A402848F7BF0094688D /* Project object */;
}
